
Microsoft Visual Studio Solution File, Format Version 12.00
# Visual Studio Version 17
VisualStudioVersion = 17.4.33213.308
MinimumVisualStudioVersion = 10.0.40219.1
Project("{9A19103F-16F7-4668-BE54-9A1E7A4F7556}") = "GTA", "GTA\GTA.csproj", "{4AD86977-4C76-4177-92F0-044320A21B57}"
EndProject
Project("{9A19103F-16F7-4668-BE54-9A1E7A4F7556}") = "GTA.Server", "GTA.Server\GTA.Server.csproj", "{17E0AEAA-A0F6-4B21-9664-DE905B50BD73}"
EndProject
Project("{9A19103F-16F7-4668-BE54-9A1E7A4F7556}") = "api.golftopia.com", "api.golftopia.com\api.golftopia.com.csproj", "{C424A835-F790-4449-915B-A12B6993EC64}"
EndProject
Global
	GlobalSection(SolutionConfigurationPlatforms) = preSolution
		Debug|Any CPU = Debug|Any CPU
		Release|Any CPU = Release|Any CPU
	EndGlobalSection
	GlobalSection(ProjectConfigurationPlatforms) = postSolution
		{4AD86977-4C76-4177-92F0-044320A21B57}.Debug|Any CPU.ActiveCfg = Debug|Any CPU
		{4AD86977-4C76-4177-92F0-044320A21B57}.Debug|Any CPU.Build.0 = Debug|Any CPU
		{4AD86977-4C76-4177-92F0-044320A21B57}.Release|Any CPU.ActiveCfg = Release|Any CPU
		{4AD86977-4C76-4177-92F0-044320A21B57}.Release|Any CPU.Build.0 = Release|Any CPU
		{17E0AEAA-A0F6-4B21-9664-DE905B50BD73}.Debug|Any CPU.ActiveCfg = Debug|Any CPU
		{17E0AEAA-A0F6-4B21-9664-DE905B50BD73}.Debug|Any CPU.Build.0 = Debug|Any CPU
		{17E0AEAA-A0F6-4B21-9664-DE905B50BD73}.Release|Any CPU.ActiveCfg = Release|Any CPU
		{17E0AEAA-A0F6-4B21-9664-DE905B50BD73}.Release|Any CPU.Build.0 = Release|Any CPU
		{C424A835-F790-4449-915B-A12B6993EC64}.Debug|Any CPU.ActiveCfg = Debug|Any CPU
		{C424A835-F790-4449-915B-A12B6993EC64}.Debug|Any CPU.Build.0 = Debug|Any CPU
		{C424A835-F790-4449-915B-A12B6993EC64}.Release|Any CPU.ActiveCfg = Release|Any CPU
		{C424A835-F790-4449-915B-A12B6993EC64}.Release|Any CPU.Build.0 = Release|Any CPU
	EndGlobalSection
	GlobalSection(SolutionProperties) = preSolution
		HideSolutionNode = FALSE
	EndGlobalSection
	GlobalSection(ExtensibilityGlobals) = postSolution
		SolutionGuid = {09B992B2-AA0E-4D02-8953-6191E77D523B}
	EndGlobalSection
EndGlobal
